
Microsoft Visual Studio Solution File, Format Version 12.00
# Visual Studio 2012
Project("{FAE04EC0-301F-11D3-BF4B-00C04F79EFBC}") = "PedroLamas.WP7.UnitConverter", "PedroLamas.WP7.UnitConverter\PedroLamas.WP7.UnitConverter.csproj", "{2A9EC2E3-D6AE-4214-A271-CDBEDD8C09CB}"
EndProject
Global
	GlobalSection(SolutionConfigurationPlatforms) = preSolution
		Debug|Any CPU = Debug|Any CPU
		Release|Any CPU = Release|Any CPU
	EndGlobalSection
	GlobalSection(ProjectConfigurationPlatforms) = postSolution
		{2A9EC2E3-D6AE-4214-A271-CDBEDD8C09CB}.Debug|Any CPU.ActiveCfg = Debug|Any CPU
		{2A9EC2E3-D6AE-4214-A271-CDBEDD8C09CB}.Debug|Any CPU.Build.0 = Debug|Any CPU
		{2A9EC2E3-D6AE-4214-A271-CDBEDD8C09CB}.Debug|Any CPU.Deploy.0 = Debug|Any CPU
		{2A9EC2E3-D6AE-4214-A271-CDBEDD8C09CB}.Release|Any CPU.ActiveCfg = Release|Any CPU
		{2A9EC2E3-D6AE-4214-A271-CDBEDD8C09CB}.Release|Any CPU.Build.0 = Release|Any CPU
		{2A9EC2E3-D6AE-4214-A271-CDBEDD8C09CB}.Release|Any CPU.Deploy.0 = Release|Any CPU
	EndGlobalSection
	GlobalSection(SolutionProperties) = preSolution
		HideSolutionNode = FALSE
	EndGlobalSection
EndGlobal
